
Microsoft Visual Studio Solution File, Format Version 12.00
# Visual Studio 2013
VisualStudioVersion = 12.0.21005.1
MinimumVisualStudioVersion = 10.0.40219.1
Project("{8BC9CEB8-8B4A-11D0-8D11-00A0C91BC942}") = "算法分析-回朔算法-n后问题", "算法分析-回朔算法-n后问题\算法分析-回朔算法-n后问题.vcxproj", "{3C3C159C-B8A4-4867-B1AC-CB4A9B66826A}"
EndProject
Global
	GlobalSection(SolutionConfigurationPlatforms) = preSolution
		Debug|Win32 = Debug|Win32
		Release|Win32 = Release|Win32
	EndGlobalSection
	GlobalSection(ProjectConfigurationPlatforms) = postSolution
		{3C3C159C-B8A4-4867-B1AC-CB4A9B66826A}.Debug|Win32.ActiveCfg = Debug|Win32
		{3C3C159C-B8A4-4867-B1AC-CB4A9B66826A}.Debug|Win32.Build.0 = Debug|Win32
		{3C3C159C-B8A4-4867-B1AC-CB4A9B66826A}.Release|Win32.ActiveCfg = Release|Win32
		{3C3C159C-B8A4-4867-B1AC-CB4A9B66826A}.Release|Win32.Build.0 = Release|Win32
	EndGlobalSection
	GlobalSection(SolutionProperties) = preSolution
		HideSolutionNode = FALSE
	EndGlobalSection
EndGlobal
